Microsoft Visual Studio Solution File, Format Version 12.00
# Visual Studio Version 16
VisualStudioVersion = 16.0.31005.135
MinimumVisualStudioVersion = 10.0.40219.1
Project("{2150E333-8FDC-42A3-9474-1A3956D46DE8}") = "_Solution", "_Solution", "{196B5D43-B228-4632-9BC3-EAAF79B4EDA5}"
	ProjectSection(SolutionItems) = preProject
		nuget.config = nuget.config
		README.md = README.md
		sitecore.json = sitecore.json
	EndProjectSection
EndProject
Project("{2150E333-8FDC-42A3-9474-1A3956D46DE8}") = "Feature", "Feature", "{A72954EE-FC46-4F3D-8537-AE808CA74CA4}"
EndProject
Project("{2150E333-8FDC-42A3-9474-1A3956D46DE8}") = "Foundation", "Foundation", "{F2DFCDDA-F06D-4C97-8884-450BBCD1DD0C}"
EndProject
Project("{2150E333-8FDC-42A3-9474-1A3956D46DE8}") = "Project", "Project", "{FF076BFA-A2AA-453D-A66C-68A05D41798E}"
EndProject
Project("{FAE04EC0-301F-11D3-BF4B-00C04F79EFBC}") = "Feature.ScribanToReact", "src\Feature\ScribanToReact\website\Feature.ScribanToReact.csproj", "{05E33F29-BCCA-4154-9A25-20C7896BF2BF}"
EndProject
Global
	GlobalSection(SolutionConfigurationPlatforms) = preSolution
		Debug|Any CPU = Debug|Any CPU
		Release|Any CPU = Release|Any CPU
	EndGlobalSection
	GlobalSection(ProjectConfigurationPlatforms) = postSolution
		{05E33F29-BCCA-4154-9A25-20C7896BF2BF}.Debug|Any CPU.ActiveCfg = Debug|Any CPU
		{05E33F29-BCCA-4154-9A25-20C7896BF2BF}.Debug|Any CPU.Build.0 = Debug|Any CPU
		{05E33F29-BCCA-4154-9A25-20C7896BF2BF}.Release|Any CPU.ActiveCfg = Release|Any CPU
		{05E33F29-BCCA-4154-9A25-20C7896BF2BF}.Release|Any CPU.Build.0 = Release|Any CPU
	EndGlobalSection
	GlobalSection(SolutionProperties) = preSolution
		HideSolutionNode = FALSE
	EndGlobalSection
	GlobalSection(NestedProjects) = preSolution
		{05E33F29-BCCA-4154-9A25-20C7896BF2BF} = {A72954EE-FC46-4F3D-8537-AE808CA74CA4}
	EndGlobalSection
	GlobalSection(ExtensibilityGlobals) = postSolution
		SolutionGuid = {7A7C4987-3A11-41A9-8915-5457EF7B5A6F}
	EndGlobalSection
EndGlobal
